
Microsoft Visual Studio Solution File, Format Version 12.00
# Visual Studio 2013
VisualStudioVersion = 12.0.31101.0
MinimumVisualStudioVersion = 10.0.40219.1
Project("{FAE04EC0-301F-11D3-BF4B-00C04F79EFBC}") = "QuoteForm", "QuoteForm\QuoteForm.csproj", "{F4850749-05F0-4CFB-B4EF-EF2904261F58}"
EndProject
Project("{2150E333-8FDC-42A3-9474-1A3956D46DE8}") = "Solution Items", "Solution Items", "{D24C4614-613A-4FA6-9959-68E5FBC44D0D}"
	ProjectSection(SolutionItems) = preProject
		HTMLPage1.html = HTMLPage1.html
	EndProjectSection
EndProject
Project("{FAE04EC0-301F-11D3-BF4B-00C04F79EFBC}") = "RavenDB.AspNet.Identity", "..\RavenDB.AspNet.Identity\RavenDB.AspNet.Identity\RavenDB.AspNet.Identity.csproj", "{C147FA58-04F8-4139-9E6E-E3D72F3E30EC}"
EndProject
Project("{2150E333-8FDC-42A3-9474-1A3956D46DE8}") = ".nuget", ".nuget", "{DCA79957-4BB6-40F8-83A5-DAF316943D63}"
	ProjectSection(SolutionItems) = preProject
		..\RavenDB.AspNet.Identity\.nuget\NuGet.Config = ..\RavenDB.AspNet.Identity\.nuget\NuGet.Config
		..\RavenDB.AspNet.Identity\.nuget\NuGet.exe = ..\RavenDB.AspNet.Identity\.nuget\NuGet.exe
		..\RavenDB.AspNet.Identity\.nuget\NuGet.targets = ..\RavenDB.AspNet.Identity\.nuget\NuGet.targets
	EndProjectSection
EndProject
Project("{FAE04EC0-301F-11D3-BF4B-00C04F79EFBC}") = "RavenDB.AspNet.Identity.Tests", "..\RavenDB.AspNet.Identity\RavenDB.AspNet.Identity.Tests\RavenDB.AspNet.Identity.Tests.csproj", "{6B02A46F-AEF3-4800-95EC-93BEE08254CF}"
EndProject
Global
	GlobalSection(SolutionConfigurationPlatforms) = preSolution
		Debug|Any CPU = Debug|Any CPU
		Release|Any CPU = Release|Any CPU
	EndGlobalSection
	GlobalSection(ProjectConfigurationPlatforms) = postSolution
		{F4850749-05F0-4CFB-B4EF-EF2904261F58}.Debug|Any CPU.ActiveCfg = Debug|Any CPU
		{F4850749-05F0-4CFB-B4EF-EF2904261F58}.Debug|Any CPU.Build.0 = Debug|Any CPU
		{F4850749-05F0-4CFB-B4EF-EF2904261F58}.Debug|Any CPU.Deploy.0 = Debug|Any CPU
		{F4850749-05F0-4CFB-B4EF-EF2904261F58}.Release|Any CPU.ActiveCfg = Release|Any CPU
		{F4850749-05F0-4CFB-B4EF-EF2904261F58}.Release|Any CPU.Build.0 = Release|Any CPU
		{C147FA58-04F8-4139-9E6E-E3D72F3E30EC}.Debug|Any CPU.ActiveCfg = Debug|Any CPU
		{C147FA58-04F8-4139-9E6E-E3D72F3E30EC}.Debug|Any CPU.Build.0 = Debug|Any CPU
		{C147FA58-04F8-4139-9E6E-E3D72F3E30EC}.Release|Any CPU.ActiveCfg = Release|Any CPU
		{C147FA58-04F8-4139-9E6E-E3D72F3E30EC}.Release|Any CPU.Build.0 = Release|Any CPU
		{6B02A46F-AEF3-4800-95EC-93BEE08254CF}.Debug|Any CPU.ActiveCfg = Debug|Any CPU
		{6B02A46F-AEF3-4800-95EC-93BEE08254CF}.Debug|Any CPU.Build.0 = Debug|Any CPU
		{6B02A46F-AEF3-4800-95EC-93BEE08254CF}.Release|Any CPU.ActiveCfg = Release|Any CPU
		{6B02A46F-AEF3-4800-95EC-93BEE08254CF}.Release|Any CPU.Build.0 = Release|Any CPU
	EndGlobalSection
	GlobalSection(SolutionProperties) = preSolution
		HideSolutionNode = FALSE
	EndGlobalSection
EndGlobal
